
Microsoft Visual Studio Solution File, Format Version 12.00
# Visual Studio Version 16
VisualStudioVersion = 16.0.28803.735
MinimumVisualStudioVersion = 10.0.40219.1
Project("{FAE04EC0-301F-11D3-BF4B-00C04F79EFBC}") = "LoupGarou", "LoupGarou\LoupGarou.csproj", "{0C17E6AF-D185-49C4-86EF-2F76EC9AD568}"
EndProject
Global
	GlobalSection(SolutionConfigurationPlatforms) = preSolution
		Debug|Any CPU = Debug|Any CPU
		Release|Any CPU = Release|Any CPU
	EndGlobalSection
	GlobalSection(ProjectConfigurationPlatforms) = postSolution
		{0C17E6AF-D185-49C4-86EF-2F76EC9AD568}.Debug|Any CPU.ActiveCfg = Debug|Any CPU
		{0C17E6AF-D185-49C4-86EF-2F76EC9AD568}.Debug|Any CPU.Build.0 = Debug|Any CPU
		{0C17E6AF-D185-49C4-86EF-2F76EC9AD568}.Release|Any CPU.ActiveCfg = Release|Any CPU
		{0C17E6AF-D185-49C4-86EF-2F76EC9AD568}.Release|Any CPU.Build.0 = Release|Any CPU
	EndGlobalSection
	GlobalSection(SolutionProperties) = preSolution
		HideSolutionNode = FALSE
	EndGlobalSection
	GlobalSection(ExtensibilityGlobals) = postSolution
		SolutionGuid = {95ABC0AE-42A9-4471-A4AD-5C2EE1F5F170}
	EndGlobalSection
EndGlobal
